
Microsoft Visual Studio Solution File, Format Version 12.00
# Visual Studio Version 17
VisualStudioVersion = 17.12.35527.113
MinimumVisualStudioVersion = 10.0.40219.1
Project("{2150E333-8FDC-42A3-9474-1A3956D46DE8}") = "Core", "Core", "{7E0145EE-2AFA-4870-AC53-FFAEDFF77406}"
EndProject
Project("{FAE04EC0-301F-11D3-BF4B-00C04F79EFBC}") = "Domain", "Core\Domain\Domain.csproj", "{5CE47053-04C0-4307-B73A-68487354E5B9}"
EndProject
Project("{FAE04EC0-301F-11D3-BF4B-00C04F79EFBC}") = "Services", "Core\Services\Services.csproj", "{6AA7E5CC-06BC-4A49-8A8D-B80E13FA1AB4}"
EndProject
Project("{FAE04EC0-301F-11D3-BF4B-00C04F79EFBC}") = "Services_Abstractions", "Core\Services_Abstractions\Services_Abstractions.csproj", "{566AA90D-92DC-4137-82BE-FA29EEE23142}"
EndProject
Project("{2150E333-8FDC-42A3-9474-1A3956D46DE8}") = "Infrastructure", "Infrastructure", "{2BF54CDF-FBF3-4E09-8771-E20B8537332E}"
EndProject
Project("{FAE04EC0-301F-11D3-BF4B-00C04F79EFBC}") = "Persistence", "Infrastructure\Persistence\Persistence.csproj", "{66F6D009-04DA-453F-981B-826A5EB1B7FA}"
EndProject
Project("{FAE04EC0-301F-11D3-BF4B-00C04F79EFBC}") = "Persentation", "Infrastructure\Persentation\Persentation.csproj", "{54989DB9-1127-46BE-BD76-CA468B7451E8}"
EndProject
Project("{FAE04EC0-301F-11D3-BF4B-00C04F79EFBC}") = "Shared", "Shared\Shared.csproj", "{FC3107BC-21A9-4FE5-A7E6-1FE74DDCED45}"
EndProject
Project("{FAE04EC0-301F-11D3-BF4B-00C04F79EFBC}") = "Store_Api", "Store_Api\Store_Api.csproj", "{5187BC0F-0C62-4A87-8134-E4DC032C0409}"
EndProject
Global
	GlobalSection(SolutionConfigurationPlatforms) = preSolution
		Debug|Any CPU = Debug|Any CPU
		Release|Any CPU = Release|Any CPU
	EndGlobalSection
	GlobalSection(ProjectConfigurationPlatforms) = postSolution
		{5CE47053-04C0-4307-B73A-68487354E5B9}.Debug|Any CPU.ActiveCfg = Debug|Any CPU
		{5CE47053-04C0-4307-B73A-68487354E5B9}.Debug|Any CPU.Build.0 = Debug|Any CPU
		{5CE47053-04C0-4307-B73A-68487354E5B9}.Release|Any CPU.ActiveCfg = Release|Any CPU
		{5CE47053-04C0-4307-B73A-68487354E5B9}.Release|Any CPU.Build.0 = Release|Any CPU
		{6AA7E5CC-06BC-4A49-8A8D-B80E13FA1AB4}.Debug|Any CPU.ActiveCfg = Debug|Any CPU
		{6AA7E5CC-06BC-4A49-8A8D-B80E13FA1AB4}.Debug|Any CPU.Build.0 = Debug|Any CPU
		{6AA7E5CC-06BC-4A49-8A8D-B80E13FA1AB4}.Release|Any CPU.ActiveCfg = Release|Any CPU
		{6AA7E5CC-06BC-4A49-8A8D-B80E13FA1AB4}.Release|Any CPU.Build.0 = Release|Any CPU
		{566AA90D-92DC-4137-82BE-FA29EEE23142}.Debug|Any CPU.ActiveCfg = Debug|Any CPU
		{566AA90D-92DC-4137-82BE-FA29EEE23142}.Debug|Any CPU.Build.0 = Debug|Any CPU
		{566AA90D-92DC-4137-82BE-FA29EEE23142}.Release|Any CPU.ActiveCfg = Release|Any CPU
		{566AA90D-92DC-4137-82BE-FA29EEE23142}.Release|Any CPU.Build.0 = Release|Any CPU
		{66F6D009-04DA-453F-981B-826A5EB1B7FA}.Debug|Any CPU.ActiveCfg = Debug|Any CPU
		{66F6D009-04DA-453F-981B-826A5EB1B7FA}.Debug|Any CPU.Build.0 = Debug|Any CPU
		{66F6D009-04DA-453F-981B-826A5EB1B7FA}.Release|Any CPU.ActiveCfg = Release|Any CPU
		{66F6D009-04DA-453F-981B-826A5EB1B7FA}.Release|Any CPU.Build.0 = Release|Any CPU
		{54989DB9-1127-46BE-BD76-CA468B7451E8}.Debug|Any CPU.ActiveCfg = Debug|Any CPU
		{54989DB9-1127-46BE-BD76-CA468B7451E8}.Debug|Any CPU.Build.0 = Debug|Any CPU
		{54989DB9-1127-46BE-BD76-CA468B7451E8}.Release|Any CPU.ActiveCfg = Release|Any CPU
		{54989DB9-1127-46BE-BD76-CA468B7451E8}.Release|Any CPU.Build.0 = Release|Any CPU
		{FC3107BC-21A9-4FE5-A7E6-1FE74DDCED45}.Debug|Any CPU.ActiveCfg = Debug|Any CPU
		{FC3107BC-21A9-4FE5-A7E6-1FE74DDCED45}.Debug|Any CPU.Build.0 = Debug|Any CPU
		{FC3107BC-21A9-4FE5-A7E6-1FE74DDCED45}.Release|Any CPU.ActiveCfg = Release|Any CPU
		{FC3107BC-21A9-4FE5-A7E6-1FE74DDCED45}.Release|Any CPU.Build.0 = Release|Any CPU
		{5187BC0F-0C62-4A87-8134-E4DC032C0409}.Debug|Any CPU.ActiveCfg = Debug|Any CPU
		{5187BC0F-0C62-4A87-8134-E4DC032C0409}.Debug|Any CPU.Build.0 = Debug|Any CPU
		{5187BC0F-0C62-4A87-8134-E4DC032C0409}.Release|Any CPU.ActiveCfg = Release|Any CPU
		{5187BC0F-0C62-4A87-8134-E4DC032C0409}.Release|Any CPU.Build.0 = Release|Any CPU
	EndGlobalSection
	GlobalSection(SolutionProperties) = preSolution
		HideSolutionNode = FALSE
	EndGlobalSection
	GlobalSection(NestedProjects) = preSolution
		{5CE47053-04C0-4307-B73A-68487354E5B9} = {7E0145EE-2AFA-4870-AC53-FFAEDFF77406}
		{6AA7E5CC-06BC-4A49-8A8D-B80E13FA1AB4} = {7E0145EE-2AFA-4870-AC53-FFAEDFF77406}
		{566AA90D-92DC-4137-82BE-FA29EEE23142} = {7E0145EE-2AFA-4870-AC53-FFAEDFF77406}
		{66F6D009-04DA-453F-981B-826A5EB1B7FA} = {2BF54CDF-FBF3-4E09-8771-E20B8537332E}
		{54989DB9-1127-46BE-BD76-CA468B7451E8} = {2BF54CDF-FBF3-4E09-8771-E20B8537332E}
	EndGlobalSection
EndGlobal
